
Microsoft Visual Studio Solution File, Format Version 12.00
# Visual Studio 15
VisualStudioVersion = 15.0.27130.2027
MinimumVisualStudioVersion = 10.0.40219.1
Project("{FAE04EC0-301F-11D3-BF4B-00C04F79EFBC}") = "sharp_lab01", "sharp_lab01\sharp_lab01.csproj", "{C6B15BFD-1C98-4BB2-A585-61B549C5A4A7}"
EndProject
Global
	GlobalSection(SolutionConfigurationPlatforms) = preSolution
		Debug|Any CPU = Debug|Any CPU
		Release|Any CPU = Release|Any CPU
	EndGlobalSection
	GlobalSection(ProjectConfigurationPlatforms) = postSolution
		{C6B15BFD-1C98-4BB2-A585-61B549C5A4A7}.Debug|Any CPU.ActiveCfg = Debug|Any CPU
		{C6B15BFD-1C98-4BB2-A585-61B549C5A4A7}.Debug|Any CPU.Build.0 = Debug|Any CPU
		{C6B15BFD-1C98-4BB2-A585-61B549C5A4A7}.Release|Any CPU.ActiveCfg = Release|Any CPU
		{C6B15BFD-1C98-4BB2-A585-61B549C5A4A7}.Release|Any CPU.Build.0 = Release|Any CPU
	EndGlobalSection
	GlobalSection(SolutionProperties) = preSolution
		HideSolutionNode = FALSE
	EndGlobalSection
	GlobalSection(ExtensibilityGlobals) = postSolution
		SolutionGuid = {E31BC2F5-1146-46BE-93F6-856C63ED4201}
	EndGlobalSection
EndGlobal
